
Microsoft Visual Studio Solution File, Format Version 12.00
# Visual Studio 15
VisualStudioVersion = 15.0.28307.705
MinimumVisualStudioVersion = 10.0.40219.1
Project("{FAE04EC0-301F-11D3-BF4B-00C04F79EFBC}") = "ScandItCameraView.Android", "ScandItCameraView\ScandItCameraView.Android\ScandItCameraView.Android.csproj", "{BBED8B7A-8058-4CA8-A3DE-A7495A86BCC8}"
EndProject
Project("{FAE04EC0-301F-11D3-BF4B-00C04F79EFBC}") = "ScandItCameraView.iOS", "ScandItCameraView\ScandItCameraView.iOS\ScandItCameraView.iOS.csproj", "{9A70DC2B-1226-4DB6-B83E-57B485E70143}"
EndProject
Project("{FAE04EC0-301F-11D3-BF4B-00C04F79EFBC}") = "ScandItCameraView", "ScandItCameraView\ScandItCameraView\ScandItCameraView.csproj", "{DED64845-0F86-4DCF-878B-85D0C37509FE}"
EndProject
Global
	GlobalSection(SolutionConfigurationPlatforms) = preSolution
		Ad-Hoc|Any CPU = Ad-Hoc|Any CPU
		Ad-Hoc|iPhone = Ad-Hoc|iPhone
		Ad-Hoc|iPhoneSimulator = Ad-Hoc|iPhoneSimulator
		AppStore|Any CPU = AppStore|Any CPU
		AppStore|iPhone = AppStore|iPhone
		AppStore|iPhoneSimulator = AppStore|iPhoneSimulator
		Debug|Any CPU = Debug|Any CPU
		Debug|iPhone = Debug|iPhone
		Debug|iPhoneSimulator = Debug|iPhoneSimulator
		Release|Any CPU = Release|Any CPU
		Release|iPhone = Release|iPhone
		Release|iPhoneSimulator = Release|iPhoneSimulator
	EndGlobalSection
	GlobalSection(ProjectConfigurationPlatforms) = postSolution
		{BBED8B7A-8058-4CA8-A3DE-A7495A86BCC8}.Ad-Hoc|Any CPU.ActiveCfg = Release|Any CPU
		{BBED8B7A-8058-4CA8-A3DE-A7495A86BCC8}.Ad-Hoc|Any CPU.Build.0 = Release|Any CPU
		{BBED8B7A-8058-4CA8-A3DE-A7495A86BCC8}.Ad-Hoc|Any CPU.Deploy.0 = Release|Any CPU
		{BBED8B7A-8058-4CA8-A3DE-A7495A86BCC8}.Ad-Hoc|iPhone.ActiveCfg = Release|Any CPU
		{BBED8B7A-8058-4CA8-A3DE-A7495A86BCC8}.Ad-Hoc|iPhone.Build.0 = Release|Any CPU
		{BBED8B7A-8058-4CA8-A3DE-A7495A86BCC8}.Ad-Hoc|iPhone.Deploy.0 = Release|Any CPU
		{BBED8B7A-8058-4CA8-A3DE-A7495A86BCC8}.Ad-Hoc|iPhoneSimulator.ActiveCfg = Release|Any CPU
		{BBED8B7A-8058-4CA8-A3DE-A7495A86BCC8}.Ad-Hoc|iPhoneSimulator.Build.0 = Release|Any CPU
		{BBED8B7A-8058-4CA8-A3DE-A7495A86BCC8}.Ad-Hoc|iPhoneSimulator.Deploy.0 = Release|Any CPU
		{BBED8B7A-8058-4CA8-A3DE-A7495A86BCC8}.AppStore|Any CPU.ActiveCfg = Release|Any CPU
		{BBED8B7A-8058-4CA8-A3DE-A7495A86BCC8}.AppStore|Any CPU.Build.0 = Release|Any CPU
		{BBED8B7A-8058-4CA8-A3DE-A7495A86BCC8}.AppStore|Any CPU.Deploy.0 = Release|Any CPU
		{BBED8B7A-8058-4CA8-A3DE-A7495A86BCC8}.AppStore|iPhone.ActiveCfg = Release|Any CPU
		{BBED8B7A-8058-4CA8-A3DE-A7495A86BCC8}.AppStore|iPhone.Build.0 = Release|Any CPU
		{BBED8B7A-8058-4CA8-A3DE-A7495A86BCC8}.AppStore|iPhone.Deploy.0 = Release|Any CPU
		{BBED8B7A-8058-4CA8-A3DE-A7495A86BCC8}.AppStore|iPhoneSimulator.ActiveCfg = Release|Any CPU
		{BBED8B7A-8058-4CA8-A3DE-A7495A86BCC8}.AppStore|iPhoneSimulator.Build.0 = Release|Any CPU
		{BBED8B7A-8058-4CA8-A3DE-A7495A86BCC8}.AppStore|iPhoneSimulator.Deploy.0 = Release|Any CPU
		{BBED8B7A-8058-4CA8-A3DE-A7495A86BCC8}.Debug|Any CPU.ActiveCfg = Debug|Any CPU
		{BBED8B7A-8058-4CA8-A3DE-A7495A86BCC8}.Debug|Any CPU.Build.0 = Debug|Any CPU
		{BBED8B7A-8058-4CA8-A3DE-A7495A86BCC8}.Debug|Any CPU.Deploy.0 = Debug|Any CPU
		{BBED8B7A-8058-4CA8-A3DE-A7495A86BCC8}.Debug|iPhone.ActiveCfg = Debug|Any CPU
		{BBED8B7A-8058-4CA8-A3DE-A7495A86BCC8}.Debug|iPhone.Build.0 = Debug|Any CPU
		{BBED8B7A-8058-4CA8-A3DE-A7495A86BCC8}.Debug|iPhone.Deploy.0 = Debug|Any CPU
		{BBED8B7A-8058-4CA8-A3DE-A7495A86BCC8}.Debug|iPhoneSimulator.ActiveCfg = Debug|Any CPU
		{BBED8B7A-8058-4CA8-A3DE-A7495A86BCC8}.Debug|iPhoneSimulator.Build.0 = Debug|Any CPU
		{BBED8B7A-8058-4CA8-A3DE-A7495A86BCC8}.Debug|iPhoneSimulator.Deploy.0 = Debug|Any CPU
		{BBED8B7A-8058-4CA8-A3DE-A7495A86BCC8}.Release|Any CPU.ActiveCfg = Release|Any CPU
		{BBED8B7A-8058-4CA8-A3DE-A7495A86BCC8}.Release|Any CPU.Build.0 = Release|Any CPU
		{BBED8B7A-8058-4CA8-A3DE-A7495A86BCC8}.Release|Any CPU.Deploy.0 = Release|Any CPU
		{BBED8B7A-8058-4CA8-A3DE-A7495A86BCC8}.Release|iPhone.ActiveCfg = Release|Any CPU
		{BBED8B7A-8058-4CA8-A3DE-A7495A86BCC8}.Release|iPhone.Build.0 = Release|Any CPU
		{BBED8B7A-8058-4CA8-A3DE-A7495A86BCC8}.Release|iPhone.Deploy.0 = Release|Any CPU
		{BBED8B7A-8058-4CA8-A3DE-A7495A86BCC8}.Release|iPhoneSimulator.ActiveCfg = Release|Any CPU
		{BBED8B7A-8058-4CA8-A3DE-A7495A86BCC8}.Release|iPhoneSimulator.Build.0 = Release|Any CPU
		{BBED8B7A-8058-4CA8-A3DE-A7495A86BCC8}.Release|iPhoneSimulator.Deploy.0 = Release|Any CPU
		{9A70DC2B-1226-4DB6-B83E-57B485E70143}.Ad-Hoc|Any CPU.ActiveCfg = Ad-Hoc|iPhone
		{9A70DC2B-1226-4DB6-B83E-57B485E70143}.Ad-Hoc|Any CPU.Build.0 = Ad-Hoc|iPhone
		{9A70DC2B-1226-4DB6-B83E-57B485E70143}.Ad-Hoc|Any CPU.Deploy.0 = Ad-Hoc|iPhone
		{9A70DC2B-1226-4DB6-B83E-57B485E70143}.Ad-Hoc|iPhone.ActiveCfg = Ad-Hoc|iPhone
		{9A70DC2B-1226-4DB6-B83E-57B485E70143}.Ad-Hoc|iPhone.Build.0 = Ad-Hoc|iPhone
		{9A70DC2B-1226-4DB6-B83E-57B485E70143}.Ad-Hoc|iPhone.Deploy.0 = Ad-Hoc|iPhone
		{9A70DC2B-1226-4DB6-B83E-57B485E70143}.Ad-Hoc|iPhoneSimulator.ActiveCfg = Ad-Hoc|iPhoneSimulator
		{9A70DC2B-1226-4DB6-B83E-57B485E70143}.Ad-Hoc|iPhoneSimulator.Build.0 = Ad-Hoc|iPhoneSimulator
		{9A70DC2B-1226-4DB6-B83E-57B485E70143}.Ad-Hoc|iPhoneSimulator.Deploy.0 = Ad-Hoc|iPhoneSimulator
		{9A70DC2B-1226-4DB6-B83E-57B485E70143}.AppStore|Any CPU.ActiveCfg = AppStore|iPhone
		{9A70DC2B-1226-4DB6-B83E-57B485E70143}.AppStore|Any CPU.Build.0 = AppStore|iPhone
		{9A70DC2B-1226-4DB6-B83E-57B485E70143}.AppStore|Any CPU.Deploy.0 = AppStore|iPhone
		{9A70DC2B-1226-4DB6-B83E-57B485E70143}.AppStore|iPhone.ActiveCfg = AppStore|iPhone
		{9A70DC2B-1226-4DB6-B83E-57B485E70143}.AppStore|iPhone.Build.0 = AppStore|iPhone
		{9A70DC2B-1226-4DB6-B83E-57B485E70143}.AppStore|iPhone.Deploy.0 = AppStore|iPhone
		{9A70DC2B-1226-4DB6-B83E-57B485E70143}.AppStore|iPhoneSimulator.ActiveCfg = AppStore|iPhoneSimulator
		{9A70DC2B-1226-4DB6-B83E-57B485E70143}.AppStore|iPhoneSimulator.Build.0 = AppStore|iPhoneSimulator
		{9A70DC2B-1226-4DB6-B83E-57B485E70143}.AppStore|iPhoneSimulator.Deploy.0 = AppStore|iPhoneSimulator
		{9A70DC2B-1226-4DB6-B83E-57B485E70143}.Debug|Any CPU.ActiveCfg = Debug|iPhoneSimulator
		{9A70DC2B-1226-4DB6-B83E-57B485E70143}.Debug|Any CPU.Build.0 = Debug|iPhoneSimulator
		{9A70DC2B-1226-4DB6-B83E-57B485E70143}.Debug|Any CPU.Deploy.0 = Debug|iPhoneSimulator
		{9A70DC2B-1226-4DB6-B83E-57B485E70143}.Debug|iPhone.ActiveCfg = Debug|iPhone
		{9A70DC2B-1226-4DB6-B83E-57B485E70143}.Debug|iPhone.Build.0 = Debug|iPhone
		{9A70DC2B-1226-4DB6-B83E-57B485E70143}.Debug|iPhone.Deploy.0 = Debug|iPhone
		{9A70DC2B-1226-4DB6-B83E-57B485E70143}.Debug|iPhoneSimulator.ActiveCfg = Debug|iPhoneSimulator
		{9A70DC2B-1226-4DB6-B83E-57B485E70143}.Debug|iPhoneSimulator.Build.0 = Debug|iPhoneSimulator
		{9A70DC2B-1226-4DB6-B83E-57B485E70143}.Debug|iPhoneSimulator.Deploy.0 = Debug|iPhoneSimulator
		{9A70DC2B-1226-4DB6-B83E-57B485E70143}.Release|Any CPU.ActiveCfg = Release|iPhone
		{9A70DC2B-1226-4DB6-B83E-57B485E70143}.Release|Any CPU.Build.0 = Release|iPhone
		{9A70DC2B-1226-4DB6-B83E-57B485E70143}.Release|Any CPU.Deploy.0 = Release|iPhone
		{9A70DC2B-1226-4DB6-B83E-57B485E70143}.Release|iPhone.ActiveCfg = Release|iPhone
		{9A70DC2B-1226-4DB6-B83E-57B485E70143}.Release|iPhone.Build.0 = Release|iPhone
		{9A70DC2B-1226-4DB6-B83E-57B485E70143}.Release|iPhone.Deploy.0 = Release|iPhone
		{9A70DC2B-1226-4DB6-B83E-57B485E70143}.Release|iPhoneSimulator.ActiveCfg = Release|iPhoneSimulator
		{9A70DC2B-1226-4DB6-B83E-57B485E70143}.Release|iPhoneSimulator.Build.0 = Release|iPhoneSimulator
		{9A70DC2B-1226-4DB6-B83E-57B485E70143}.Release|iPhoneSimulator.Deploy.0 = Release|iPhoneSimulator
		{DED64845-0F86-4DCF-878B-85D0C37509FE}.Ad-Hoc|Any CPU.ActiveCfg = Debug|Any CPU
		{DED64845-0F86-4DCF-878B-85D0C37509FE}.Ad-Hoc|Any CPU.Build.0 = Debug|Any CPU
		{DED64845-0F86-4DCF-878B-85D0C37509FE}.Ad-Hoc|Any CPU.Deploy.0 = Debug|Any CPU
		{DED64845-0F86-4DCF-878B-85D0C37509FE}.Ad-Hoc|iPhone.ActiveCfg = Debug|Any CPU
		{DED64845-0F86-4DCF-878B-85D0C37509FE}.Ad-Hoc|iPhone.Build.0 = Debug|Any CPU
		{DED64845-0F86-4DCF-878B-85D0C37509FE}.Ad-Hoc|iPhone.Deploy.0 = Debug|Any CPU
		{DED64845-0F86-4DCF-878B-85D0C37509FE}.Ad-Hoc|iPhoneSimulator.ActiveCfg = Debug|Any CPU
		{DED64845-0F86-4DCF-878B-85D0C37509FE}.Ad-Hoc|iPhoneSimulator.Build.0 = Debug|Any CPU
		{DED64845-0F86-4DCF-878B-85D0C37509FE}.Ad-Hoc|iPhoneSimulator.Deploy.0 = Debug|Any CPU
		{DED64845-0F86-4DCF-878B-85D0C37509FE}.AppStore|Any CPU.ActiveCfg = Debug|Any CPU
		{DED64845-0F86-4DCF-878B-85D0C37509FE}.AppStore|Any CPU.Build.0 = Debug|Any CPU
		{DED64845-0F86-4DCF-878B-85D0C37509FE}.AppStore|Any CPU.Deploy.0 = Debug|Any CPU
		{DED64845-0F86-4DCF-878B-85D0C37509FE}.AppStore|iPhone.ActiveCfg = Debug|Any CPU
		{DED64845-0F86-4DCF-878B-85D0C37509FE}.AppStore|iPhone.Build.0 = Debug|Any CPU
		{DED64845-0F86-4DCF-878B-85D0C37509FE}.AppStore|iPhone.Deploy.0 = Debug|Any CPU
		{DED64845-0F86-4DCF-878B-85D0C37509FE}.AppStore|iPhoneSimulator.ActiveCfg = Debug|Any CPU
		{DED64845-0F86-4DCF-878B-85D0C37509FE}.AppStore|iPhoneSimulator.Build.0 = Debug|Any CPU
		{DED64845-0F86-4DCF-878B-85D0C37509FE}.AppStore|iPhoneSimulator.Deploy.0 = Debug|Any CPU
		{DED64845-0F86-4DCF-878B-85D0C37509FE}.Debug|Any CPU.ActiveCfg = Debug|Any CPU
		{DED64845-0F86-4DCF-878B-85D0C37509FE}.Debug|Any CPU.Build.0 = Debug|Any CPU
		{DED64845-0F86-4DCF-878B-85D0C37509FE}.Debug|Any CPU.Deploy.0 = Debug|Any CPU
		{DED64845-0F86-4DCF-878B-85D0C37509FE}.Debug|iPhone.ActiveCfg = Debug|Any CPU
		{DED64845-0F86-4DCF-878B-85D0C37509FE}.Debug|iPhone.Build.0 = Debug|Any CPU
		{DED64845-0F86-4DCF-878B-85D0C37509FE}.Debug|iPhone.Deploy.0 = Debug|Any CPU
		{DED64845-0F86-4DCF-878B-85D0C37509FE}.Debug|iPhoneSimulator.ActiveCfg = Debug|Any CPU
		{DED64845-0F86-4DCF-878B-85D0C37509FE}.Debug|iPhoneSimulator.Build.0 = Debug|Any CPU
		{DED64845-0F86-4DCF-878B-85D0C37509FE}.Debug|iPhoneSimulator.Deploy.0 = Debug|Any CPU
		{DED64845-0F86-4DCF-878B-85D0C37509FE}.Release|Any CPU.ActiveCfg = Release|Any CPU
		{DED64845-0F86-4DCF-878B-85D0C37509FE}.Release|Any CPU.Build.0 = Release|Any CPU
		{DED64845-0F86-4DCF-878B-85D0C37509FE}.Release|Any CPU.Deploy.0 = Release|Any CPU
		{DED64845-0F86-4DCF-878B-85D0C37509FE}.Release|iPhone.ActiveCfg = Release|Any CPU
		{DED64845-0F86-4DCF-878B-85D0C37509FE}.Release|iPhone.Build.0 = Release|Any CPU
		{DED64845-0F86-4DCF-878B-85D0C37509FE}.Release|iPhone.Deploy.0 = Release|Any CPU
		{DED64845-0F86-4DCF-878B-85D0C37509FE}.Release|iPhoneSimulator.ActiveCfg = Release|Any CPU
		{DED64845-0F86-4DCF-878B-85D0C37509FE}.Release|iPhoneSimulator.Build.0 = Release|Any CPU
		{DED64845-0F86-4DCF-878B-85D0C37509FE}.Release|iPhoneSimulator.Deploy.0 = Release|Any CPU
	EndGlobalSection
	GlobalSection(SolutionProperties) = preSolution
		HideSolutionNode = FALSE
	EndGlobalSection
	GlobalSection(ExtensibilityGlobals) = postSolution
		SolutionGuid = {2CEB38E7-C388-44F2-B424-22DF26BBF5F6}
	EndGlobalSection
EndGlobal
